# This file is generated by running "yarn install" inside your project.
# Manual changes might be lost - proceed with caution!

__metadata:
  version: 6
  cacheKey: 8

"@jridgewell/gen-mapping@npm:^0.3.5":
  version: 0.3.13
  resolution: "@jridgewell/gen-mapping@npm:0.3.13"
  dependencies:
    "@jridgewell/sourcemap-codec": ^1.5.0
    "@jridgewell/trace-mapping": ^0.3.24
  checksum: f2105acefc433337145caa3c84bba286de954f61c0bc46279bbd85a9e6a02871089717fa060413cfb6a9d44189fe8313b2d1cabf3a2eb3284d208fd5f75c54ff
  languageName: node
  linkType: hard

"@jridgewell/remapping@npm:^2.3.5":
  version: 2.3.5
  resolution: "@jridgewell/remapping@npm:2.3.5"
  dependencies:
    "@jridgewell/gen-mapping": ^0.3.5
    "@jridgewell/trace-mapping": ^0.3.24
  checksum: 4a66a7397c3dc9c6b5c14a0024b1f98c5e1d90a0dbc1e5955b5038f2db339904df2a0ee8a66559fafb4fc23ff33700a2639fd40bbdd2e9e82b58b3bdf83738e3
  languageName: node
  linkType: hard

"@jridgewell/resolve-uri@npm:^3.1.0":
  version: 3.1.2
  resolution: "@jridgewell/resolve-uri@npm:3.1.2"
  checksum: 83b85f72c59d1c080b4cbec0fef84528963a1b5db34e4370fa4bd1e3ff64a0d80e0cee7369d11d73c704e0286fb2865b530acac7a871088fbe92b5edf1000870
  languageName: node
  linkType: hard

"@jridgewell/sourcemap-codec@npm:^1.4.14, @jridgewell/sourcemap-codec@npm:^1.5.0, @jridgewell/sourcemap-codec@npm:^1.5.5":
  version: 1.5.5
  resolution: "@jridgewell/sourcemap-codec@npm:1.5.5"
  checksum: c2e36e67971f719a8a3a85ef5a5f580622437cc723c35d03ebd0c9c0b06418700ef006f58af742791f71f6a4fc68fcfaf1f6a74ec2f9a3332860e9373459dae7
  languageName: node
  linkType: hard

"@jridgewell/trace-mapping@npm:^0.3.24":
  version: 0.3.31
  resolution: "@jridgewell/trace-mapping@npm:0.3.31"
  dependencies:
    "@jridgewell/resolve-uri": ^3.1.0
    "@jridgewell/sourcemap-codec": ^1.4.14
  checksum: af8fda2431348ad507fbddf8e25f5d08c79ecc94594061ce402cf41bc5aba1a7b3e59bf0fd70a619b35f33983a3f488ceeba8faf56bff784f98bb5394a8b7d47
  languageName: node
  linkType: hard

"@oxlint/binding-android-arm-eabi@npm:1.57.0":
  version: 1.57.0
  resolution: "@oxlint/binding-android-arm-eabi@npm:1.57.0"
  conditions: os=android & cpu=arm
  languageName: node
  linkType: hard

"@oxlint/binding-android-arm64@npm:1.57.0":
  version: 1.57.0
  resolution: "@oxlint/binding-android-arm64@npm:1.57.0"
  conditions: os=android & cpu=arm64
  languageName: node
  linkType: hard

"@oxlint/binding-darwin-arm64@npm:1.57.0, @oxlint/binding-darwin-arm64@npm:^1.57.0":
  version: 1.57.0
  resolution: "@oxlint/binding-darwin-arm64@npm:1.57.0"
  checksum: 8248d5aebe705188bb74b164b22a70fc9f8e0b9a905baa35c9a1b0843eb9bb6df5cc5ca5eaca4b23d2c8e386d34b7b7ba6361bd1617eb279ed81990ebcbcf1fc
  conditions: os=darwin & cpu=arm64
  languageName: node
  linkType: hard

"@oxlint/binding-darwin-x64@npm:1.57.0":
  version: 1.57.0
  resolution: "@oxlint/binding-darwin-x64@npm:1.57.0"
  conditions: os=darwin & cpu=x64
  languageName: node
  linkType: hard

"@oxlint/binding-freebsd-x64@npm:1.57.0":
  version: 1.57.0
  resolution: "@oxlint/binding-freebsd-x64@npm:1.57.0"
  conditions: os=freebsd & cpu=x64
  languageName: node
  linkType: hard

"@oxlint/binding-linux-arm-gnueabihf@npm:1.57.0":
  version: 1.57.0
  resolution: "@oxlint/binding-linux-arm-gnueabihf@npm:1.57.0"
  conditions: os=linux & cpu=arm
  languageName: node
  linkType: hard

"@oxlint/binding-linux-arm-musleabihf@npm:1.57.0":
  version: 1.57.0
  resolution: "@oxlint/binding-linux-arm-musleabihf@npm:1.57.0"
  conditions: os=linux & cpu=arm
  languageName: node
  linkType: hard

"@oxlint/binding-linux-arm64-gnu@npm:1.57.0":
  version: 1.57.0
  resolution: "@oxlint/binding-linux-arm64-gnu@npm:1.57.0"
  conditions: os=linux & cpu=arm64 & libc=glibc
  languageName: node
  linkType: hard

"@oxlint/binding-linux-arm64-musl@npm:1.57.0":
  version: 1.57.0
  resolution: "@oxlint/binding-linux-arm64-musl@npm:1.57.0"
  conditions: os=linux & cpu=arm64 & libc=musl
  languageName: node
  linkType: hard

"@oxlint/binding-linux-ppc64-gnu@npm:1.57.0":
  version: 1.57.0
  resolution: "@oxlint/binding-linux-ppc64-gnu@npm:1.57.0"
  conditions: os=linux & cpu=ppc64 & libc=glibc
  languageName: node
  linkType: hard

"@oxlint/binding-linux-riscv64-gnu@npm:1.57.0":
  version: 1.57.0
  resolution: "@oxlint/binding-linux-riscv64-gnu@npm:1.57.0"
  conditions: os=linux & cpu=riscv64 & libc=glibc
  languageName: node
  linkType: hard

"@oxlint/binding-linux-riscv64-musl@npm:1.57.0":
  version: 1.57.0
  resolution: "@oxlint/binding-linux-riscv64-musl@npm:1.57.0"
  conditions: os=linux & cpu=riscv64 & libc=musl
  languageName: node
  linkType: hard

"@oxlint/binding-linux-s390x-gnu@npm:1.57.0":
  version: 1.57.0
  resolution: "@oxlint/binding-linux-s390x-gnu@npm:1.57.0"
  conditions: os=linux & cpu=s390x & libc=glibc
  languageName: node
  linkType: hard

"@oxlint/binding-linux-x64-gnu@npm:1.57.0":
  version: 1.57.0
  resolution: "@oxlint/binding-linux-x64-gnu@npm:1.57.0"
  conditions: os=linux & cpu=x64 & libc=glibc
  languageName: node
  linkType: hard

"@oxlint/binding-linux-x64-musl@npm:1.57.0":
  version: 1.57.0
  resolution: "@oxlint/binding-linux-x64-musl@npm:1.57.0"
  conditions: os=linux & cpu=x64 & libc=musl
  languageName: node
  linkType: hard

"@oxlint/binding-openharmony-arm64@npm:1.57.0":
  version: 1.57.0
  resolution: "@oxlint/binding-openharmony-arm64@npm:1.57.0"
  conditions: os=openharmony & cpu=arm64
  languageName: node
  linkType: hard

"@oxlint/binding-win32-arm64-msvc@npm:1.57.0":
  version: 1.57.0
  resolution: "@oxlint/binding-win32-arm64-msvc@npm:1.57.0"
  conditions: os=win32 & cpu=arm64
  languageName: node
  linkType: hard

"@oxlint/binding-win32-ia32-msvc@npm:1.57.0":
  version: 1.57.0
  resolution: "@oxlint/binding-win32-ia32-msvc@npm:1.57.0"
  conditions: os=win32 & cpu=ia32
  languageName: node
  linkType: hard

"@oxlint/binding-win32-x64-msvc@npm:1.57.0":
  version: 1.57.0
  resolution: "@oxlint/binding-win32-x64-msvc@npm:1.57.0"
  conditions: os=win32 & cpu=x64
  languageName: node
  linkType: hard

"@rolldown/binding-darwin-arm64@npm:1.0.0-rc.12":
  version: 1.0.0-rc.12
  resolution: "@rolldown/binding-darwin-arm64@npm:1.0.0-rc.12"
  checksum: 715fee957e5172858d65ea7d0feac330c5c8e26ce54de4b121369679af9fa149347ebfce763a9f0d06ea362ae1a3798a90126bf6c32fb9c23855b80531128921
  conditions: os=darwin & cpu=arm64
  languageName: node
  linkType: hard

"@tailwindcss/node@npm:^4.2.2":
  version: 4.2.2
  resolution: "@tailwindcss/node@npm:4.2.2"
  dependencies:
    "@jridgewell/remapping": ^2.3.5
    enhanced-resolve: ^5.19.0
    jiti: ^2.6.1
    lightningcss: 1.32.0
    magic-string: ^0.30.21
    source-map-js: ^1.2.1
    tailwindcss: 4.2.2
  checksum: 9f54db096338c86c96ad9b3b2ccf5de1f6cf8b3c878a6249a8fe9d663f75d1488a5961b18f82d06d79d7e56ec8d40d22622541cb202094981f5f2c96b678a88c
  languageName: node
  linkType: hard

"@turbo/darwin-64@npm:2.8.21":
  version: 2.8.21
  resolution: "@turbo/darwin-64@npm:2.8.21"
  conditions: os=darwin & cpu=x64
  languageName: node
  linkType: hard

"@turbo/darwin-arm64@npm:2.8.21":
  version: 2.8.21
  resolution: "@turbo/darwin-arm64@npm:2.8.21"
  conditions: os=darwin & cpu=arm64
  languageName: node
  linkType: hard

"@turbo/linux-64@npm:2.8.21":
  version: 2.8.21
  resolution: "@turbo/linux-64@npm:2.8.21"
  conditions: os=linux & cpu=x64
  languageName: node
  linkType: hard

"@turbo/linux-arm64@npm:2.8.21":
  version: 2.8.21
  resolution: "@turbo/linux-arm64@npm:2.8.21"
  conditions: os=linux & cpu=arm64
  languageName: node
  linkType: hard

"@turbo/windows-64@npm:2.8.21":
  version: 2.8.21
  resolution: "@turbo/windows-64@npm:2.8.21"
  conditions: os=win32 & cpu=x64
  languageName: node
  linkType: hard

"@turbo/windows-arm64@npm:2.8.21":
  version: 2.8.21
  resolution: "@turbo/windows-arm64@npm:2.8.21"
  conditions: os=win32 & cpu=arm64
  languageName: node
  linkType: hard

"detect-libc@npm:^2.0.3":
  version: 2.1.2
  resolution: "detect-libc@npm:2.1.2"
  checksum: 471740d52365084c4b2ae359e507b863f2b1d79b08a92835ebdf701918e08fc9cfba175b3db28483ca33b155e1311a91d69dc42c6d192b476f41a9e1f094ce6a
  languageName: node
  linkType: hard

"enhanced-resolve@npm:^5.19.0":
  version: 5.20.1
  resolution: "enhanced-resolve@npm:5.20.1"
  dependencies:
    graceful-fs: ^4.2.4
    tapable: ^2.3.0
  checksum: 43124c011c556c9ee24da43ec6de27815c4dcda54dc2e28983e2401044f3daff477b42046a4da3e8bce5458a7caf3ae0e343b824c77db542831ec8caeb44798c
  languageName: node
  linkType: hard

"graceful-fs@npm:^4.2.4":
  version: 4.2.11
  resolution: "graceful-fs@npm:4.2.11"
  checksum: ac85f94da92d8eb6b7f5a8b20ce65e43d66761c55ce85ac96df6865308390da45a8d3f0296dd3a663de65d30ba497bd46c696cc1e248c72b13d6d567138a4fc7
  languageName: node
  linkType: hard

"husky@npm:^9.1.7":
  version: 9.1.7
  resolution: "husky@npm:9.1.7"
  bin:
    husky: bin.js
  checksum: c2412753f15695db369634ba70f50f5c0b7e5cb13b673d0826c411ec1bd9ddef08c1dad89ea154f57da2521d2605bd64308af748749b27d08c5f563bcd89975f
  languageName: node
  linkType: hard

"jiti@npm:^2.6.1":
  version: 2.6.1
  resolution: "jiti@npm:2.6.1"
  bin:
    jiti: lib/jiti-cli.mjs
  checksum: 9394e29c5e40d1ca8267923160d8d86706173c9ff30c901097883434b0c4866de2c060427b6a9a5843bb3e42fa3a3c8b5b2228531d3dd4f4f10c5c6af355bb86
  languageName: node
  linkType: hard

"lightningcss-android-arm64@npm:1.32.0":
  version: 1.32.0
  resolution: "lightningcss-android-arm64@npm:1.32.0"
  conditions: os=android & cpu=arm64
  languageName: node
  linkType: hard

"lightningcss-darwin-arm64@npm:1.32.0":
  version: 1.32.0
  resolution: "lightningcss-darwin-arm64@npm:1.32.0"
  conditions: os=darwin & cpu=arm64
  languageName: node
  linkType: hard

"lightningcss-darwin-x64@npm:1.32.0":
  version: 1.32.0
  resolution: "lightningcss-darwin-x64@npm:1.32.0"
  conditions: os=darwin & cpu=x64
  languageName: node
  linkType: hard

"lightningcss-freebsd-x64@npm:1.32.0":
  version: 1.32.0
  resolution: "lightningcss-freebsd-x64@npm:1.32.0"
  conditions: os=freebsd & cpu=x64
  languageName: node
  linkType: hard

"lightningcss-linux-arm-gnueabihf@npm:1.32.0":
  version: 1.32.0
  resolution: "lightningcss-linux-arm-gnueabihf@npm:1.32.0"
  conditions: os=linux & cpu=arm
  languageName: node
  linkType: hard

"lightningcss-linux-arm64-gnu@npm:1.32.0":
  version: 1.32.0
  resolution: "lightningcss-linux-arm64-gnu@npm:1.32.0"
  conditions: os=linux & cpu=arm64 & libc=glibc
  languageName: node
  linkType: hard

"lightningcss-linux-arm64-musl@npm:1.32.0":
  version: 1.32.0
  resolution: "lightningcss-linux-arm64-musl@npm:1.32.0"
  conditions: os=linux & cpu=arm64 & libc=musl
  languageName: node
  linkType: hard

"lightningcss-linux-x64-gnu@npm:1.32.0":
  version: 1.32.0
  resolution: "lightningcss-linux-x64-gnu@npm:1.32.0"
  conditions: os=linux & cpu=x64 & libc=glibc
  languageName: node
  linkType: hard

"lightningcss-linux-x64-musl@npm:1.32.0":
  version: 1.32.0
  resolution: "lightningcss-linux-x64-musl@npm:1.32.0"
  conditions: os=linux & cpu=x64 & libc=musl
  languageName: node
  linkType: hard

"lightningcss-win32-arm64-msvc@npm:1.32.0":
  version: 1.32.0
  resolution: "lightningcss-win32-arm64-msvc@npm:1.32.0"
  conditions: os=win32 & cpu=arm64
  languageName: node
  linkType: hard

"lightningcss-win32-x64-msvc@npm:1.32.0":
  version: 1.32.0
  resolution: "lightningcss-win32-x64-msvc@npm:1.32.0"
  conditions: os=win32 & cpu=x64
  languageName: node
  linkType: hard

"lightningcss@npm:1.32.0":
  version: 1.32.0
  resolution: "lightningcss@npm:1.32.0"
  dependencies:
    detect-libc: ^2.0.3
    lightningcss-android-arm64: 1.32.0
    lightningcss-darwin-arm64: 1.32.0
    lightningcss-darwin-x64: 1.32.0
    lightningcss-freebsd-x64: 1.32.0
    lightningcss-linux-arm-gnueabihf: 1.32.0
    lightningcss-linux-arm64-gnu: 1.32.0
    lightningcss-linux-arm64-musl: 1.32.0
    lightningcss-linux-x64-gnu: 1.32.0
    lightningcss-linux-x64-musl: 1.32.0
    lightningcss-win32-arm64-msvc: 1.32.0
    lightningcss-win32-x64-msvc: 1.32.0
  dependenciesMeta:
    lightningcss-android-arm64:
      optional: true
    lightningcss-darwin-arm64:
      optional: true
    lightningcss-darwin-x64:
      optional: true
    lightningcss-freebsd-x64:
      optional: true
    lightningcss-linux-arm-gnueabihf:
      optional: true
    lightningcss-linux-arm64-gnu:
      optional: true
    lightningcss-linux-arm64-musl:
      optional: true
    lightningcss-linux-x64-gnu:
      optional: true
    lightningcss-linux-x64-musl:
      optional: true
    lightningcss-win32-arm64-msvc:
      optional: true
    lightningcss-win32-x64-msvc:
      optional: true
  checksum: 27adc4288cea141019c7bc010e0b10c7af9140348014273281d8474a5259dc02a00475aeee947dfcc6fbacc95b0d3fb7e7b32319e7d64df08ca1c85119ea75f6
  languageName: node
  linkType: hard

"magic-string@npm:^0.30.21":
  version: 0.30.21
  resolution: "magic-string@npm:0.30.21"
  dependencies:
    "@jridgewell/sourcemap-codec": ^1.5.5
  checksum: 4ff76a4e8d439431cf49f039658751ed351962d044e5955adc257489569bd676019c906b631f86319217689d04815d7d064ee3ff08ab82ae65b7655a7e82a414
  languageName: node
  linkType: hard

"oxlint-tailwindcss@npm:^0.1.10":
  version: 0.1.10
  resolution: "oxlint-tailwindcss@npm:0.1.10"
  dependencies:
    "@tailwindcss/node": ^4.2.2
    tailwindcss: ^4.2.2
  peerDependencies:
    "@oxlint/plugins": ">=1.43.0"
  checksum: 5985a51758dd0b54b62539003f15550ae400625e0c6d96efb860806953eeee7e6e38443fb04360c884685ed464bd94f73c658b768155359d4ee2ef6840829a02
  languageName: node
  linkType: hard

"oxlint@npm:^1.57.0":
  version: 1.57.0
  resolution: "oxlint@npm:1.57.0"
  dependencies:
    "@oxlint/binding-android-arm-eabi": 1.57.0
    "@oxlint/binding-android-arm64": 1.57.0
    "@oxlint/binding-darwin-arm64": 1.57.0
    "@oxlint/binding-darwin-x64": 1.57.0
    "@oxlint/binding-freebsd-x64": 1.57.0
    "@oxlint/binding-linux-arm-gnueabihf": 1.57.0
    "@oxlint/binding-linux-arm-musleabihf": 1.57.0
    "@oxlint/binding-linux-arm64-gnu": 1.57.0
    "@oxlint/binding-linux-arm64-musl": 1.57.0
    "@oxlint/binding-linux-ppc64-gnu": 1.57.0
    "@oxlint/binding-linux-riscv64-gnu": 1.57.0
    "@oxlint/binding-linux-riscv64-musl": 1.57.0
    "@oxlint/binding-linux-s390x-gnu": 1.57.0
    "@oxlint/binding-linux-x64-gnu": 1.57.0
    "@oxlint/binding-linux-x64-musl": 1.57.0
    "@oxlint/binding-openharmony-arm64": 1.57.0
    "@oxlint/binding-win32-arm64-msvc": 1.57.0
    "@oxlint/binding-win32-ia32-msvc": 1.57.0
    "@oxlint/binding-win32-x64-msvc": 1.57.0
  peerDependencies:
    oxlint-tsgolint: ">=0.15.0"
  dependenciesMeta:
    "@oxlint/binding-android-arm-eabi":
      optional: true
    "@oxlint/binding-android-arm64":
      optional: true
    "@oxlint/binding-darwin-arm64":
      optional: true
    "@oxlint/binding-darwin-x64":
      optional: true
    "@oxlint/binding-freebsd-x64":
      optional: true
    "@oxlint/binding-linux-arm-gnueabihf":
      optional: true
    "@oxlint/binding-linux-arm-musleabihf":
      optional: true
    "@oxlint/binding-linux-arm64-gnu":
      optional: true
    "@oxlint/binding-linux-arm64-musl":
      optional: true
    "@oxlint/binding-linux-ppc64-gnu":
      optional: true
    "@oxlint/binding-linux-riscv64-gnu":
      optional: true
    "@oxlint/binding-linux-riscv64-musl":
      optional: true
    "@oxlint/binding-linux-s390x-gnu":
      optional: true
    "@oxlint/binding-linux-x64-gnu":
      optional: true
    "@oxlint/binding-linux-x64-musl":
      optional: true
    "@oxlint/binding-openharmony-arm64":
      optional: true
    "@oxlint/binding-win32-arm64-msvc":
      optional: true
    "@oxlint/binding-win32-ia32-msvc":
      optional: true
    "@oxlint/binding-win32-x64-msvc":
      optional: true
  peerDependenciesMeta:
    oxlint-tsgolint:
      optional: true
  bin:
    oxlint: bin/oxlint
  checksum: 82707cc1d6874cbcd92643821b5b5ab5efd824a70a5f955f0750b1388ac92517cd9c18da70f9a89aa25c9df708d139bd454b1da40a269cdc95a32349af466753
  languageName: node
  linkType: hard

"paint-emoji@workspace:.":
  version: 0.0.0-use.local
  resolution: "paint-emoji@workspace:."
  dependencies:
    "@oxlint/binding-darwin-arm64": ^1.57.0
    "@rolldown/binding-darwin-arm64": 1.0.0-rc.12
    husky: ^9.1.7
    oxlint: ^1.57.0
    oxlint-tailwindcss: ^0.1.10
    prettier: ^3.8.1
    prettier-plugin-tailwindcss: ^0.7.2
    turbo: ^2.8.21
  languageName: unknown
  linkType: soft

"prettier-plugin-tailwindcss@npm:^0.7.2":
  version: 0.7.2
  resolution: "prettier-plugin-tailwindcss@npm:0.7.2"
  peerDependencies:
    "@ianvs/prettier-plugin-sort-imports": "*"
    "@prettier/plugin-hermes": "*"
    "@prettier/plugin-oxc": "*"
    "@prettier/plugin-pug": "*"
    "@shopify/prettier-plugin-liquid": "*"
    "@trivago/prettier-plugin-sort-imports": "*"
    "@zackad/prettier-plugin-twig": "*"
    prettier: ^3.0
    prettier-plugin-astro: "*"
    prettier-plugin-css-order: "*"
    prettier-plugin-jsdoc: "*"
    prettier-plugin-marko: "*"
    prettier-plugin-multiline-arrays: "*"
    prettier-plugin-organize-attributes: "*"
    prettier-plugin-organize-imports: "*"
    prettier-plugin-sort-imports: "*"
    prettier-plugin-svelte: "*"
  peerDependenciesMeta:
    "@ianvs/prettier-plugin-sort-imports":
      optional: true
    "@prettier/plugin-hermes":
      optional: true
    "@prettier/plugin-oxc":
      optional: true
    "@prettier/plugin-pug":
      optional: true
    "@shopify/prettier-plugin-liquid":
      optional: true
    "@trivago/prettier-plugin-sort-imports":
      optional: true
    "@zackad/prettier-plugin-twig":
      optional: true
    prettier-plugin-astro:
      optional: true
    prettier-plugin-css-order:
      optional: true
    prettier-plugin-jsdoc:
      optional: true
    prettier-plugin-marko:
      optional: true
    prettier-plugin-multiline-arrays:
      optional: true
    prettier-plugin-organize-attributes:
      optional: true
    prettier-plugin-organize-imports:
      optional: true
    prettier-plugin-sort-imports:
      optional: true
    prettier-plugin-svelte:
      optional: true
  checksum: d93acdad895b7c59c68f4251a13640cd0b35fb906e7eb711c9880f773d220633508109fbf4cb63aee00cad0060648dafe647c5ff267197036c053be4b6ba3ed5
  languageName: node
  linkType: hard

"prettier@npm:^3.8.1":
  version: 3.8.1
  resolution: "prettier@npm:3.8.1"
  bin:
    prettier: bin/prettier.cjs
  checksum: 36fe4ecd95751aa17fea70b48afd5086e88002988238112fc1be30a5307af6983e1833be790b0cc1c54702b71f73b12bfec12c05166d7619e3151ab221654297
  languageName: node
  linkType: hard

"source-map-js@npm:^1.2.1":
  version: 1.2.1
  resolution: "source-map-js@npm:1.2.1"
  checksum: 4eb0cd997cdf228bc253bcaff9340afeb706176e64868ecd20efbe6efea931465f43955612346d6b7318789e5265bdc419bc7669c1cebe3db0eb255f57efa76b
  languageName: node
  linkType: hard

"tailwindcss@npm:4.2.2, tailwindcss@npm:^4.2.2":
  version: 4.2.2
  resolution: "tailwindcss@npm:4.2.2"
  checksum: 708b4f878b95f3bf44955bd1bcb047f7288775aeac90ac71898d89aeada351848d3efbb66c5eeb479c825bec03665a655f2cd1255c79622eba1f2925047971da
  languageName: node
  linkType: hard

"tapable@npm:^2.3.0":
  version: 2.3.2
  resolution: "tapable@npm:2.3.2"
  checksum: 5fd5783f63baae3927971f9877d572bc16222583d70d3b0d5fb50d176c0867e5e446e845af13c725e017118bb1c9c52ce3c88a8b4b95995306a43990e9582de4
  languageName: node
  linkType: hard

"turbo@npm:^2.8.21":
  version: 2.8.21
  resolution: "turbo@npm:2.8.21"
  dependencies:
    "@turbo/darwin-64": 2.8.21
    "@turbo/darwin-arm64": 2.8.21
    "@turbo/linux-64": 2.8.21
    "@turbo/linux-arm64": 2.8.21
    "@turbo/windows-64": 2.8.21
    "@turbo/windows-arm64": 2.8.21
  dependenciesMeta:
    "@turbo/darwin-64":
      optional: true
    "@turbo/darwin-arm64":
      optional: true
    "@turbo/linux-64":
      optional: true
    "@turbo/linux-arm64":
      optional: true
    "@turbo/windows-64":
      optional: true
    "@turbo/windows-arm64":
      optional: true
  bin:
    turbo: bin/turbo
  checksum: 36b28bd44cbb34e1b0924c8eb8ba768ed7ccdb32cbd5e9cab5c4d7908f2a6d65bd3e7aeed49485d439e42c456b6377784d5c98f183c497b56f29c6b5d3992f28
  languageName: node
  linkType: hard
